
Microsoft Visual Studio Solution File, Format Version 12.00
# Visual Studio 15
VisualStudioVersion = 15.0.26730.16
MinimumVisualStudioVersion = 10.0.40219.1
Project("{FAE04EC0-301F-11D3-BF4B-00C04F79EFBC}") = "Web", "Src\Web\Web.csproj", "{4B090137-ACBE-4FEB-B894-FFC9E0FC4BD5}"
EndProject
Project("{FAE04EC0-301F-11D3-BF4B-00C04F79EFBC}") = "SensorsInCloud.App.Android", "Src\SensorsInCloud.App\SensorsInCloud.App.Android\SensorsInCloud.App.Android.csproj", "{AB402651-F85C-41CD-A462-98BF069AA4DE}"
EndProject
Project("{FAE04EC0-301F-11D3-BF4B-00C04F79EFBC}") = "SensorsInCloud.App", "Src\SensorsInCloud.App\SensorsInCloud.App\SensorsInCloud.App.csproj", "{8AA654CD-BCD8-4C3B-B680-4DDC89B8A528}"
EndProject
Project("{FAE04EC0-301F-11D3-BF4B-00C04F79EFBC}") = "SensorsInCloud.App.UWP", "Src\SensorsInCloud.App\SensorsInCloud.App.UWP\SensorsInCloud.App.UWP.csproj", "{D1B719B3-5A78-4CC2-9DBD-3660108C42F2}"
EndProject
Project("{FAE04EC0-301F-11D3-BF4B-00C04F79EFBC}") = "SensorsInCloud.App.iOS", "Src\SensorsInCloud.App\SensorsInCloud.App.iOS\SensorsInCloud.App.iOS.csproj", "{16E9F852-6470-4737-95A7-449C1EFDA551}"
EndProject
Project("{2150E333-8FDC-42A3-9474-1A3956D46DE8}") = "App", "App", "{96F0CEAC-F0FB-4664-9055-67BEC0450759}"
EndProject
Global
	GlobalSection(SolutionConfigurationPlatforms) = preSolution
		Ad-Hoc|Any CPU = Ad-Hoc|Any CPU
		Ad-Hoc|ARM = Ad-Hoc|ARM
		Ad-Hoc|iPhone = Ad-Hoc|iPhone
		Ad-Hoc|iPhoneSimulator = Ad-Hoc|iPhoneSimulator
		Ad-Hoc|x64 = Ad-Hoc|x64
		Ad-Hoc|x86 = Ad-Hoc|x86
		AppStore|Any CPU = AppStore|Any CPU
		AppStore|ARM = AppStore|ARM
		AppStore|iPhone = AppStore|iPhone
		AppStore|iPhoneSimulator = AppStore|iPhoneSimulator
		AppStore|x64 = AppStore|x64
		AppStore|x86 = AppStore|x86
		Debug|Any CPU = Debug|Any CPU
		Debug|ARM = Debug|ARM
		Debug|iPhone = Debug|iPhone
		Debug|iPhoneSimulator = Debug|iPhoneSimulator
		Debug|x64 = Debug|x64
		Debug|x86 = Debug|x86
		Release|Any CPU = Release|Any CPU
		Release|ARM = Release|ARM
		Release|iPhone = Release|iPhone
		Release|iPhoneSimulator = Release|iPhoneSimulator
		Release|x64 = Release|x64
		Release|x86 = Release|x86
	EndGlobalSection
	GlobalSection(ProjectConfigurationPlatforms) = postSolution
		{4B090137-ACBE-4FEB-B894-FFC9E0FC4BD5}.Ad-Hoc|Any CPU.ActiveCfg = Release|Any CPU
		{4B090137-ACBE-4FEB-B894-FFC9E0FC4BD5}.Ad-Hoc|Any CPU.Build.0 = Release|Any CPU
		{4B090137-ACBE-4FEB-B894-FFC9E0FC4BD5}.Ad-Hoc|ARM.ActiveCfg = Release|Any CPU
		{4B090137-ACBE-4FEB-B894-FFC9E0FC4BD5}.Ad-Hoc|ARM.Build.0 = Release|Any CPU
		{4B090137-ACBE-4FEB-B894-FFC9E0FC4BD5}.Ad-Hoc|iPhone.ActiveCfg = Release|Any CPU
		{4B090137-ACBE-4FEB-B894-FFC9E0FC4BD5}.Ad-Hoc|iPhone.Build.0 = Release|Any CPU
		{4B090137-ACBE-4FEB-B894-FFC9E0FC4BD5}.Ad-Hoc|iPhoneSimulator.ActiveCfg = Release|Any CPU
		{4B090137-ACBE-4FEB-B894-FFC9E0FC4BD5}.Ad-Hoc|iPhoneSimulator.Build.0 = Release|Any CPU
		{4B090137-ACBE-4FEB-B894-FFC9E0FC4BD5}.Ad-Hoc|x64.ActiveCfg = Release|Any CPU
		{4B090137-ACBE-4FEB-B894-FFC9E0FC4BD5}.Ad-Hoc|x64.Build.0 = Release|Any CPU
		{4B090137-ACBE-4FEB-B894-FFC9E0FC4BD5}.Ad-Hoc|x86.ActiveCfg = Release|Any CPU
		{4B090137-ACBE-4FEB-B894-FFC9E0FC4BD5}.Ad-Hoc|x86.Build.0 = Release|Any CPU
		{4B090137-ACBE-4FEB-B894-FFC9E0FC4BD5}.AppStore|Any CPU.ActiveCfg = Release|Any CPU
		{4B090137-ACBE-4FEB-B894-FFC9E0FC4BD5}.AppStore|Any CPU.Build.0 = Release|Any CPU
		{4B090137-ACBE-4FEB-B894-FFC9E0FC4BD5}.AppStore|ARM.ActiveCfg = Release|Any CPU
		{4B090137-ACBE-4FEB-B894-FFC9E0FC4BD5}.AppStore|ARM.Build.0 = Release|Any CPU
		{4B090137-ACBE-4FEB-B894-FFC9E0FC4BD5}.AppStore|iPhone.ActiveCfg = Release|Any CPU
		{4B090137-ACBE-4FEB-B894-FFC9E0FC4BD5}.AppStore|iPhone.Build.0 = Release|Any CPU
		{4B090137-ACBE-4FEB-B894-FFC9E0FC4BD5}.AppStore|iPhoneSimulator.ActiveCfg = Release|Any CPU
		{4B090137-ACBE-4FEB-B894-FFC9E0FC4BD5}.AppStore|iPhoneSimulator.Build.0 = Release|Any CPU
		{4B090137-ACBE-4FEB-B894-FFC9E0FC4BD5}.AppStore|x64.ActiveCfg = Release|Any CPU
		{4B090137-ACBE-4FEB-B894-FFC9E0FC4BD5}.AppStore|x64.Build.0 = Release|Any CPU
		{4B090137-ACBE-4FEB-B894-FFC9E0FC4BD5}.AppStore|x86.ActiveCfg = Release|Any CPU
		{4B090137-ACBE-4FEB-B894-FFC9E0FC4BD5}.AppStore|x86.Build.0 = Release|Any CPU
		{4B090137-ACBE-4FEB-B894-FFC9E0FC4BD5}.Debug|Any CPU.ActiveCfg = Debug|Any CPU
		{4B090137-ACBE-4FEB-B894-FFC9E0FC4BD5}.Debug|Any CPU.Build.0 = Debug|Any CPU
		{4B090137-ACBE-4FEB-B894-FFC9E0FC4BD5}.Debug|ARM.ActiveCfg = Debug|Any CPU
		{4B090137-ACBE-4FEB-B894-FFC9E0FC4BD5}.Debug|ARM.Build.0 = Debug|Any CPU
		{4B090137-ACBE-4FEB-B894-FFC9E0FC4BD5}.Debug|iPhone.ActiveCfg = Debug|Any CPU
		{4B090137-ACBE-4FEB-B894-FFC9E0FC4BD5}.Debug|iPhone.Build.0 = Debug|Any CPU
		{4B090137-ACBE-4FEB-B894-FFC9E0FC4BD5}.Debug|iPhoneSimulator.ActiveCfg = Debug|Any CPU
		{4B090137-ACBE-4FEB-B894-FFC9E0FC4BD5}.Debug|iPhoneSimulator.Build.0 = Debug|Any CPU
		{4B090137-ACBE-4FEB-B894-FFC9E0FC4BD5}.Debug|x64.ActiveCfg = Debug|Any CPU
		{4B090137-ACBE-4FEB-B894-FFC9E0FC4BD5}.Debug|x64.Build.0 = Debug|Any CPU
		{4B090137-ACBE-4FEB-B894-FFC9E0FC4BD5}.Debug|x86.ActiveCfg = Debug|Any CPU
		{4B090137-ACBE-4FEB-B894-FFC9E0FC4BD5}.Debug|x86.Build.0 = Debug|Any CPU
		{4B090137-ACBE-4FEB-B894-FFC9E0FC4BD5}.Release|Any CPU.ActiveCfg = Release|Any CPU
		{4B090137-ACBE-4FEB-B894-FFC9E0FC4BD5}.Release|Any CPU.Build.0 = Release|Any CPU
		{4B090137-ACBE-4FEB-B894-FFC9E0FC4BD5}.Release|ARM.ActiveCfg = Release|Any CPU
		{4B090137-ACBE-4FEB-B894-FFC9E0FC4BD5}.Release|ARM.Build.0 = Release|Any CPU
		{4B090137-ACBE-4FEB-B894-FFC9E0FC4BD5}.Release|iPhone.ActiveCfg = Release|Any CPU
		{4B090137-ACBE-4FEB-B894-FFC9E0FC4BD5}.Release|iPhone.Build.0 = Release|Any CPU
		{4B090137-ACBE-4FEB-B894-FFC9E0FC4BD5}.Release|iPhoneSimulator.ActiveCfg = Release|Any CPU
		{4B090137-ACBE-4FEB-B894-FFC9E0FC4BD5}.Release|iPhoneSimulator.Build.0 = Release|Any CPU
		{4B090137-ACBE-4FEB-B894-FFC9E0FC4BD5}.Release|x64.ActiveCfg = Release|Any CPU
		{4B090137-ACBE-4FEB-B894-FFC9E0FC4BD5}.Release|x64.Build.0 = Release|Any CPU
		{4B090137-ACBE-4FEB-B894-FFC9E0FC4BD5}.Release|x86.ActiveCfg = Release|Any CPU
		{4B090137-ACBE-4FEB-B894-FFC9E0FC4BD5}.Release|x86.Build.0 = Release|Any CPU
		{AB402651-F85C-41CD-A462-98BF069AA4DE}.Ad-Hoc|Any CPU.ActiveCfg = Release|Any CPU
		{AB402651-F85C-41CD-A462-98BF069AA4DE}.Ad-Hoc|Any CPU.Build.0 = Release|Any CPU
		{AB402651-F85C-41CD-A462-98BF069AA4DE}.Ad-Hoc|Any CPU.Deploy.0 = Release|Any CPU
		{AB402651-F85C-41CD-A462-98BF069AA4DE}.Ad-Hoc|ARM.ActiveCfg = Release|Any CPU
		{AB402651-F85C-41CD-A462-98BF069AA4DE}.Ad-Hoc|ARM.Build.0 = Release|Any CPU
		{AB402651-F85C-41CD-A462-98BF069AA4DE}.Ad-Hoc|ARM.Deploy.0 = Release|Any CPU
		{AB402651-F85C-41CD-A462-98BF069AA4DE}.Ad-Hoc|iPhone.ActiveCfg = Release|Any CPU
		{AB402651-F85C-41CD-A462-98BF069AA4DE}.Ad-Hoc|iPhone.Build.0 = Release|Any CPU
		{AB402651-F85C-41CD-A462-98BF069AA4DE}.Ad-Hoc|iPhone.Deploy.0 = Release|Any CPU
		{AB402651-F85C-41CD-A462-98BF069AA4DE}.Ad-Hoc|iPhoneSimulator.ActiveCfg = Release|Any CPU
		{AB402651-F85C-41CD-A462-98BF069AA4DE}.Ad-Hoc|iPhoneSimulator.Build.0 = Release|Any CPU
		{AB402651-F85C-41CD-A462-98BF069AA4DE}.Ad-Hoc|iPhoneSimulator.Deploy.0 = Release|Any CPU
		{AB402651-F85C-41CD-A462-98BF069AA4DE}.Ad-Hoc|x64.ActiveCfg = Release|Any CPU
		{AB402651-F85C-41CD-A462-98BF069AA4DE}.Ad-Hoc|x64.Build.0 = Release|Any CPU
		{AB402651-F85C-41CD-A462-98BF069AA4DE}.Ad-Hoc|x64.Deploy.0 = Release|Any CPU
		{AB402651-F85C-41CD-A462-98BF069AA4DE}.Ad-Hoc|x86.ActiveCfg = Release|Any CPU
		{AB402651-F85C-41CD-A462-98BF069AA4DE}.Ad-Hoc|x86.Build.0 = Release|Any CPU
		{AB402651-F85C-41CD-A462-98BF069AA4DE}.Ad-Hoc|x86.Deploy.0 = Release|Any CPU
		{AB402651-F85C-41CD-A462-98BF069AA4DE}.AppStore|Any CPU.ActiveCfg = Release|Any CPU
		{AB402651-F85C-41CD-A462-98BF069AA4DE}.AppStore|Any CPU.Build.0 = Release|Any CPU
		{AB402651-F85C-41CD-A462-98BF069AA4DE}.AppStore|Any CPU.Deploy.0 = Release|Any CPU
		{AB402651-F85C-41CD-A462-98BF069AA4DE}.AppStore|ARM.ActiveCfg = Release|Any CPU
		{AB402651-F85C-41CD-A462-98BF069AA4DE}.AppStore|ARM.Build.0 = Release|Any CPU
		{AB402651-F85C-41CD-A462-98BF069AA4DE}.AppStore|ARM.Deploy.0 = Release|Any CPU
		{AB402651-F85C-41CD-A462-98BF069AA4DE}.AppStore|iPhone.ActiveCfg = Release|Any CPU
		{AB402651-F85C-41CD-A462-98BF069AA4DE}.AppStore|iPhone.Build.0 = Release|Any CPU
		{AB402651-F85C-41CD-A462-98BF069AA4DE}.AppStore|iPhone.Deploy.0 = Release|Any CPU
		{AB402651-F85C-41CD-A462-98BF069AA4DE}.AppStore|iPhoneSimulator.ActiveCfg = Release|Any CPU
		{AB402651-F85C-41CD-A462-98BF069AA4DE}.AppStore|iPhoneSimulator.Build.0 = Release|Any CPU
		{AB402651-F85C-41CD-A462-98BF069AA4DE}.AppStore|iPhoneSimulator.Deploy.0 = Release|Any CPU
		{AB402651-F85C-41CD-A462-98BF069AA4DE}.AppStore|x64.ActiveCfg = Release|Any CPU
		{AB402651-F85C-41CD-A462-98BF069AA4DE}.AppStore|x64.Build.0 = Release|Any CPU
		{AB402651-F85C-41CD-A462-98BF069AA4DE}.AppStore|x64.Deploy.0 = Release|Any CPU
		{AB402651-F85C-41CD-A462-98BF069AA4DE}.AppStore|x86.ActiveCfg = Release|Any CPU
		{AB402651-F85C-41CD-A462-98BF069AA4DE}.AppStore|x86.Build.0 = Release|Any CPU
		{AB402651-F85C-41CD-A462-98BF069AA4DE}.AppStore|x86.Deploy.0 = Release|Any CPU
		{AB402651-F85C-41CD-A462-98BF069AA4DE}.Debug|Any CPU.ActiveCfg = Debug|Any CPU
		{AB402651-F85C-41CD-A462-98BF069AA4DE}.Debug|Any CPU.Build.0 = Debug|Any CPU
		{AB402651-F85C-41CD-A462-98BF069AA4DE}.Debug|Any CPU.Deploy.0 = Debug|Any CPU
		{AB402651-F85C-41CD-A462-98BF069AA4DE}.Debug|ARM.ActiveCfg = Debug|Any CPU
		{AB402651-F85C-41CD-A462-98BF069AA4DE}.Debug|ARM.Build.0 = Debug|Any CPU
		{AB402651-F85C-41CD-A462-98BF069AA4DE}.Debug|ARM.Deploy.0 = Debug|Any CPU
		{AB402651-F85C-41CD-A462-98BF069AA4DE}.Debug|iPhone.ActiveCfg = Debug|Any CPU
		{AB402651-F85C-41CD-A462-98BF069AA4DE}.Debug|iPhone.Build.0 = Debug|Any CPU
		{AB402651-F85C-41CD-A462-98BF069AA4DE}.Debug|iPhone.Deploy.0 = Debug|Any CPU
		{AB402651-F85C-41CD-A462-98BF069AA4DE}.Debug|iPhoneSimulator.ActiveCfg = Debug|Any CPU
		{AB402651-F85C-41CD-A462-98BF069AA4DE}.Debug|iPhoneSimulator.Build.0 = Debug|Any CPU
		{AB402651-F85C-41CD-A462-98BF069AA4DE}.Debug|iPhoneSimulator.Deploy.0 = Debug|Any CPU
		{AB402651-F85C-41CD-A462-98BF069AA4DE}.Debug|x64.ActiveCfg = Debug|Any CPU
		{AB402651-F85C-41CD-A462-98BF069AA4DE}.Debug|x64.Build.0 = Debug|Any CPU
		{AB402651-F85C-41CD-A462-98BF069AA4DE}.Debug|x64.Deploy.0 = Debug|Any CPU
		{AB402651-F85C-41CD-A462-98BF069AA4DE}.Debug|x86.ActiveCfg = Debug|Any CPU
		{AB402651-F85C-41CD-A462-98BF069AA4DE}.Debug|x86.Build.0 = Debug|Any CPU
		{AB402651-F85C-41CD-A462-98BF069AA4DE}.Debug|x86.Deploy.0 = Debug|Any CPU
		{AB402651-F85C-41CD-A462-98BF069AA4DE}.Release|Any CPU.ActiveCfg = Release|Any CPU
		{AB402651-F85C-41CD-A462-98BF069AA4DE}.Release|Any CPU.Build.0 = Release|Any CPU
		{AB402651-F85C-41CD-A462-98BF069AA4DE}.Release|Any CPU.Deploy.0 = Release|Any CPU
		{AB402651-F85C-41CD-A462-98BF069AA4DE}.Release|ARM.ActiveCfg = Release|Any CPU
		{AB402651-F85C-41CD-A462-98BF069AA4DE}.Release|ARM.Build.0 = Release|Any CPU
		{AB402651-F85C-41CD-A462-98BF069AA4DE}.Release|ARM.Deploy.0 = Release|Any CPU
		{AB402651-F85C-41CD-A462-98BF069AA4DE}.Release|iPhone.ActiveCfg = Release|Any CPU
		{AB402651-F85C-41CD-A462-98BF069AA4DE}.Release|iPhone.Build.0 = Release|Any CPU
		{AB402651-F85C-41CD-A462-98BF069AA4DE}.Release|iPhone.Deploy.0 = Release|Any CPU
		{AB402651-F85C-41CD-A462-98BF069AA4DE}.Release|iPhoneSimulator.ActiveCfg = Release|Any CPU
		{AB402651-F85C-41CD-A462-98BF069AA4DE}.Release|iPhoneSimulator.Build.0 = Release|Any CPU
		{AB402651-F85C-41CD-A462-98BF069AA4DE}.Release|iPhoneSimulator.Deploy.0 = Release|Any CPU
		{AB402651-F85C-41CD-A462-98BF069AA4DE}.Release|x64.ActiveCfg = Release|Any CPU
		{AB402651-F85C-41CD-A462-98BF069AA4DE}.Release|x64.Build.0 = Release|Any CPU
		{AB402651-F85C-41CD-A462-98BF069AA4DE}.Release|x64.Deploy.0 = Release|Any CPU
		{AB402651-F85C-41CD-A462-98BF069AA4DE}.Release|x86.ActiveCfg = Release|Any CPU
		{AB402651-F85C-41CD-A462-98BF069AA4DE}.Release|x86.Build.0 = Release|Any CPU
		{AB402651-F85C-41CD-A462-98BF069AA4DE}.Release|x86.Deploy.0 = Release|Any CPU
		{8AA654CD-BCD8-4C3B-B680-4DDC89B8A528}.Ad-Hoc|Any CPU.ActiveCfg = Release|Any CPU
		{8AA654CD-BCD8-4C3B-B680-4DDC89B8A528}.Ad-Hoc|Any CPU.Build.0 = Release|Any CPU
		{8AA654CD-BCD8-4C3B-B680-4DDC89B8A528}.Ad-Hoc|ARM.ActiveCfg = Release|Any CPU
		{8AA654CD-BCD8-4C3B-B680-4DDC89B8A528}.Ad-Hoc|ARM.Build.0 = Release|Any CPU
		{8AA654CD-BCD8-4C3B-B680-4DDC89B8A528}.Ad-Hoc|iPhone.ActiveCfg = Release|Any CPU
		{8AA654CD-BCD8-4C3B-B680-4DDC89B8A528}.Ad-Hoc|iPhone.Build.0 = Release|Any CPU
		{8AA654CD-BCD8-4C3B-B680-4DDC89B8A528}.Ad-Hoc|iPhoneSimulator.ActiveCfg = Release|Any CPU
		{8AA654CD-BCD8-4C3B-B680-4DDC89B8A528}.Ad-Hoc|iPhoneSimulator.Build.0 = Release|Any CPU
		{8AA654CD-BCD8-4C3B-B680-4DDC89B8A528}.Ad-Hoc|x64.ActiveCfg = Release|Any CPU
		{8AA654CD-BCD8-4C3B-B680-4DDC89B8A528}.Ad-Hoc|x64.Build.0 = Release|Any CPU
		{8AA654CD-BCD8-4C3B-B680-4DDC89B8A528}.Ad-Hoc|x86.ActiveCfg = Release|Any CPU
		{8AA654CD-BCD8-4C3B-B680-4DDC89B8A528}.Ad-Hoc|x86.Build.0 = Release|Any CPU
		{8AA654CD-BCD8-4C3B-B680-4DDC89B8A528}.AppStore|Any CPU.ActiveCfg = Release|Any CPU
		{8AA654CD-BCD8-4C3B-B680-4DDC89B8A528}.AppStore|Any CPU.Build.0 = Release|Any CPU
		{8AA654CD-BCD8-4C3B-B680-4DDC89B8A528}.AppStore|ARM.ActiveCfg = Release|Any CPU
		{8AA654CD-BCD8-4C3B-B680-4DDC89B8A528}.AppStore|ARM.Build.0 = Release|Any CPU
		{8AA654CD-BCD8-4C3B-B680-4DDC89B8A528}.AppStore|iPhone.ActiveCfg = Release|Any CPU
		{8AA654CD-BCD8-4C3B-B680-4DDC89B8A528}.AppStore|iPhone.Build.0 = Release|Any CPU
		{8AA654CD-BCD8-4C3B-B680-4DDC89B8A528}.AppStore|iPhoneSimulator.ActiveCfg = Release|Any CPU
		{8AA654CD-BCD8-4C3B-B680-4DDC89B8A528}.AppStore|iPhoneSimulator.Build.0 = Release|Any CPU
		{8AA654CD-BCD8-4C3B-B680-4DDC89B8A528}.AppStore|x64.ActiveCfg = Release|Any CPU
		{8AA654CD-BCD8-4C3B-B680-4DDC89B8A528}.AppStore|x64.Build.0 = Release|Any CPU
		{8AA654CD-BCD8-4C3B-B680-4DDC89B8A528}.AppStore|x86.ActiveCfg = Release|Any CPU
		{8AA654CD-BCD8-4C3B-B680-4DDC89B8A528}.AppStore|x86.Build.0 = Release|Any CPU
		{8AA654CD-BCD8-4C3B-B680-4DDC89B8A528}.Debug|Any CPU.ActiveCfg = Debug|Any CPU
		{8AA654CD-BCD8-4C3B-B680-4DDC89B8A528}.Debug|Any CPU.Build.0 = Debug|Any CPU
		{8AA654CD-BCD8-4C3B-B680-4DDC89B8A528}.Debug|ARM.ActiveCfg = Debug|Any CPU
		{8AA654CD-BCD8-4C3B-B680-4DDC89B8A528}.Debug|ARM.Build.0 = Debug|Any CPU
		{8AA654CD-BCD8-4C3B-B680-4DDC89B8A528}.Debug|iPhone.ActiveCfg = Debug|Any CPU
		{8AA654CD-BCD8-4C3B-B680-4DDC89B8A528}.Debug|iPhone.Build.0 = Debug|Any CPU
		{8AA654CD-BCD8-4C3B-B680-4DDC89B8A528}.Debug|iPhoneSimulator.ActiveCfg = Debug|Any CPU
		{8AA654CD-BCD8-4C3B-B680-4DDC89B8A528}.Debug|iPhoneSimulator.Build.0 = Debug|Any CPU
		{8AA654CD-BCD8-4C3B-B680-4DDC89B8A528}.Debug|x64.ActiveCfg = Debug|Any CPU
		{8AA654CD-BCD8-4C3B-B680-4DDC89B8A528}.Debug|x64.Build.0 = Debug|Any CPU
		{8AA654CD-BCD8-4C3B-B680-4DDC89B8A528}.Debug|x86.ActiveCfg = Debug|Any CPU
		{8AA654CD-BCD8-4C3B-B680-4DDC89B8A528}.Debug|x86.Build.0 = Debug|Any CPU
		{8AA654CD-BCD8-4C3B-B680-4DDC89B8A528}.Release|Any CPU.ActiveCfg = Release|Any CPU
		{8AA654CD-BCD8-4C3B-B680-4DDC89B8A528}.Release|Any CPU.Build.0 = Release|Any CPU
		{8AA654CD-BCD8-4C3B-B680-4DDC89B8A528}.Release|ARM.ActiveCfg = Release|Any CPU
		{8AA654CD-BCD8-4C3B-B680-4DDC89B8A528}.Release|ARM.Build.0 = Release|Any CPU
		{8AA654CD-BCD8-4C3B-B680-4DDC89B8A528}.Release|iPhone.ActiveCfg = Release|Any CPU
		{8AA654CD-BCD8-4C3B-B680-4DDC89B8A528}.Release|iPhone.Build.0 = Release|Any CPU
		{8AA654CD-BCD8-4C3B-B680-4DDC89B8A528}.Release|iPhoneSimulator.ActiveCfg = Release|Any CPU
		{8AA654CD-BCD8-4C3B-B680-4DDC89B8A528}.Release|iPhoneSimulator.Build.0 = Release|Any CPU
		{8AA654CD-BCD8-4C3B-B680-4DDC89B8A528}.Release|x64.ActiveCfg = Release|Any CPU
		{8AA654CD-BCD8-4C3B-B680-4DDC89B8A528}.Release|x64.Build.0 = Release|Any CPU
		{8AA654CD-BCD8-4C3B-B680-4DDC89B8A528}.Release|x86.ActiveCfg = Release|Any CPU
		{8AA654CD-BCD8-4C3B-B680-4DDC89B8A528}.Release|x86.Build.0 = Release|Any CPU
		{D1B719B3-5A78-4CC2-9DBD-3660108C42F2}.Ad-Hoc|Any CPU.ActiveCfg = Release|x86
		{D1B719B3-5A78-4CC2-9DBD-3660108C42F2}.Ad-Hoc|Any CPU.Build.0 = Release|x86
		{D1B719B3-5A78-4CC2-9DBD-3660108C42F2}.Ad-Hoc|Any CPU.Deploy.0 = Release|x86
		{D1B719B3-5A78-4CC2-9DBD-3660108C42F2}.Ad-Hoc|ARM.ActiveCfg = Release|ARM
		{D1B719B3-5A78-4CC2-9DBD-3660108C42F2}.Ad-Hoc|ARM.Build.0 = Release|ARM
		{D1B719B3-5A78-4CC2-9DBD-3660108C42F2}.Ad-Hoc|ARM.Deploy.0 = Release|ARM
		{D1B719B3-5A78-4CC2-9DBD-3660108C42F2}.Ad-Hoc|iPhone.ActiveCfg = Release|x86
		{D1B719B3-5A78-4CC2-9DBD-3660108C42F2}.Ad-Hoc|iPhone.Build.0 = Release|x86
		{D1B719B3-5A78-4CC2-9DBD-3660108C42F2}.Ad-Hoc|iPhone.Deploy.0 = Release|x86
		{D1B719B3-5A78-4CC2-9DBD-3660108C42F2}.Ad-Hoc|iPhoneSimulator.ActiveCfg = Release|x86
		{D1B719B3-5A78-4CC2-9DBD-3660108C42F2}.Ad-Hoc|iPhoneSimulator.Build.0 = Release|x86
		{D1B719B3-5A78-4CC2-9DBD-3660108C42F2}.Ad-Hoc|iPhoneSimulator.Deploy.0 = Release|x86
		{D1B719B3-5A78-4CC2-9DBD-3660108C42F2}.Ad-Hoc|x64.ActiveCfg = Release|x64
		{D1B719B3-5A78-4CC2-9DBD-3660108C42F2}.Ad-Hoc|x64.Build.0 = Release|x64
		{D1B719B3-5A78-4CC2-9DBD-3660108C42F2}.Ad-Hoc|x64.Deploy.0 = Release|x64
		{D1B719B3-5A78-4CC2-9DBD-3660108C42F2}.Ad-Hoc|x86.ActiveCfg = Release|x86
		{D1B719B3-5A78-4CC2-9DBD-3660108C42F2}.Ad-Hoc|x86.Build.0 = Release|x86
		{D1B719B3-5A78-4CC2-9DBD-3660108C42F2}.Ad-Hoc|x86.Deploy.0 = Release|x86
		{D1B719B3-5A78-4CC2-9DBD-3660108C42F2}.AppStore|Any CPU.ActiveCfg = Release|x86
		{D1B719B3-5A78-4CC2-9DBD-3660108C42F2}.AppStore|Any CPU.Build.0 = Release|x86
		{D1B719B3-5A78-4CC2-9DBD-3660108C42F2}.AppStore|Any CPU.Deploy.0 = Release|x86
		{D1B719B3-5A78-4CC2-9DBD-3660108C42F2}.AppStore|ARM.ActiveCfg = Release|ARM
		{D1B719B3-5A78-4CC2-9DBD-3660108C42F2}.AppStore|ARM.Build.0 = Release|ARM
		{D1B719B3-5A78-4CC2-9DBD-3660108C42F2}.AppStore|ARM.Deploy.0 = Release|ARM
		{D1B719B3-5A78-4CC2-9DBD-3660108C42F2}.AppStore|iPhone.ActiveCfg = Release|x86
		{D1B719B3-5A78-4CC2-9DBD-3660108C42F2}.AppStore|iPhone.Build.0 = Release|x86
		{D1B719B3-5A78-4CC2-9DBD-3660108C42F2}.AppStore|iPhone.Deploy.0 = Release|x86
		{D1B719B3-5A78-4CC2-9DBD-3660108C42F2}.AppStore|iPhoneSimulator.ActiveCfg = Release|x86
		{D1B719B3-5A78-4CC2-9DBD-3660108C42F2}.AppStore|iPhoneSimulator.Build.0 = Release|x86
		{D1B719B3-5A78-4CC2-9DBD-3660108C42F2}.AppStore|iPhoneSimulator.Deploy.0 = Release|x86
		{D1B719B3-5A78-4CC2-9DBD-3660108C42F2}.AppStore|x64.ActiveCfg = Release|x64
		{D1B719B3-5A78-4CC2-9DBD-3660108C42F2}.AppStore|x64.Build.0 = Release|x64
		{D1B719B3-5A78-4CC2-9DBD-3660108C42F2}.AppStore|x64.Deploy.0 = Release|x64
		{D1B719B3-5A78-4CC2-9DBD-3660108C42F2}.AppStore|x86.ActiveCfg = Release|x86
		{D1B719B3-5A78-4CC2-9DBD-3660108C42F2}.AppStore|x86.Build.0 = Release|x86
		{D1B719B3-5A78-4CC2-9DBD-3660108C42F2}.AppStore|x86.Deploy.0 = Release|x86
		{D1B719B3-5A78-4CC2-9DBD-3660108C42F2}.Debug|Any CPU.ActiveCfg = Debug|x86
		{D1B719B3-5A78-4CC2-9DBD-3660108C42F2}.Debug|ARM.ActiveCfg = Debug|ARM
		{D1B719B3-5A78-4CC2-9DBD-3660108C42F2}.Debug|ARM.Build.0 = Debug|ARM
		{D1B719B3-5A78-4CC2-9DBD-3660108C42F2}.Debug|ARM.Deploy.0 = Debug|ARM
		{D1B719B3-5A78-4CC2-9DBD-3660108C42F2}.Debug|iPhone.ActiveCfg = Debug|x86
		{D1B719B3-5A78-4CC2-9DBD-3660108C42F2}.Debug|iPhoneSimulator.ActiveCfg = Debug|x86
		{D1B719B3-5A78-4CC2-9DBD-3660108C42F2}.Debug|x64.ActiveCfg = Debug|x64
		{D1B719B3-5A78-4CC2-9DBD-3660108C42F2}.Debug|x64.Build.0 = Debug|x64
		{D1B719B3-5A78-4CC2-9DBD-3660108C42F2}.Debug|x64.Deploy.0 = Debug|x64
		{D1B719B3-5A78-4CC2-9DBD-3660108C42F2}.Debug|x86.ActiveCfg = Debug|x86
		{D1B719B3-5A78-4CC2-9DBD-3660108C42F2}.Debug|x86.Build.0 = Debug|x86
		{D1B719B3-5A78-4CC2-9DBD-3660108C42F2}.Debug|x86.Deploy.0 = Debug|x86
		{D1B719B3-5A78-4CC2-9DBD-3660108C42F2}.Release|Any CPU.ActiveCfg = Release|x86
		{D1B719B3-5A78-4CC2-9DBD-3660108C42F2}.Release|ARM.ActiveCfg = Release|ARM
		{D1B719B3-5A78-4CC2-9DBD-3660108C42F2}.Release|ARM.Build.0 = Release|ARM
		{D1B719B3-5A78-4CC2-9DBD-3660108C42F2}.Release|ARM.Deploy.0 = Release|ARM
		{D1B719B3-5A78-4CC2-9DBD-3660108C42F2}.Release|iPhone.ActiveCfg = Release|x86
		{D1B719B3-5A78-4CC2-9DBD-3660108C42F2}.Release|iPhoneSimulator.ActiveCfg = Release|x86
		{D1B719B3-5A78-4CC2-9DBD-3660108C42F2}.Release|x64.ActiveCfg = Release|x64
		{D1B719B3-5A78-4CC2-9DBD-3660108C42F2}.Release|x64.Build.0 = Release|x64
		{D1B719B3-5A78-4CC2-9DBD-3660108C42F2}.Release|x64.Deploy.0 = Release|x64
		{D1B719B3-5A78-4CC2-9DBD-3660108C42F2}.Release|x86.ActiveCfg = Release|x86
		{D1B719B3-5A78-4CC2-9DBD-3660108C42F2}.Release|x86.Build.0 = Release|x86
		{D1B719B3-5A78-4CC2-9DBD-3660108C42F2}.Release|x86.Deploy.0 = Release|x86
		{16E9F852-6470-4737-95A7-449C1EFDA551}.Ad-Hoc|Any CPU.ActiveCfg = Ad-Hoc|iPhone
		{16E9F852-6470-4737-95A7-449C1EFDA551}.Ad-Hoc|ARM.ActiveCfg = Ad-Hoc|iPhone
		{16E9F852-6470-4737-95A7-449C1EFDA551}.Ad-Hoc|iPhone.ActiveCfg = Ad-Hoc|iPhone
		{16E9F852-6470-4737-95A7-449C1EFDA551}.Ad-Hoc|iPhone.Build.0 = Ad-Hoc|iPhone
		{16E9F852-6470-4737-95A7-449C1EFDA551}.Ad-Hoc|iPhoneSimulator.ActiveCfg = Ad-Hoc|iPhoneSimulator
		{16E9F852-6470-4737-95A7-449C1EFDA551}.Ad-Hoc|iPhoneSimulator.Build.0 = Ad-Hoc|iPhoneSimulator
		{16E9F852-6470-4737-95A7-449C1EFDA551}.Ad-Hoc|x64.ActiveCfg = Ad-Hoc|iPhone
		{16E9F852-6470-4737-95A7-449C1EFDA551}.Ad-Hoc|x86.ActiveCfg = Ad-Hoc|iPhone
		{16E9F852-6470-4737-95A7-449C1EFDA551}.AppStore|Any CPU.ActiveCfg = AppStore|iPhone
		{16E9F852-6470-4737-95A7-449C1EFDA551}.AppStore|ARM.ActiveCfg = AppStore|iPhone
		{16E9F852-6470-4737-95A7-449C1EFDA551}.AppStore|iPhone.ActiveCfg = AppStore|iPhone
		{16E9F852-6470-4737-95A7-449C1EFDA551}.AppStore|iPhone.Build.0 = AppStore|iPhone
		{16E9F852-6470-4737-95A7-449C1EFDA551}.AppStore|iPhoneSimulator.ActiveCfg = AppStore|iPhoneSimulator
		{16E9F852-6470-4737-95A7-449C1EFDA551}.AppStore|iPhoneSimulator.Build.0 = AppStore|iPhoneSimulator
		{16E9F852-6470-4737-95A7-449C1EFDA551}.AppStore|x64.ActiveCfg = AppStore|iPhone
		{16E9F852-6470-4737-95A7-449C1EFDA551}.AppStore|x86.ActiveCfg = AppStore|iPhone
		{16E9F852-6470-4737-95A7-449C1EFDA551}.Debug|Any CPU.ActiveCfg = Debug|iPhone
		{16E9F852-6470-4737-95A7-449C1EFDA551}.Debug|ARM.ActiveCfg = Debug|iPhone
		{16E9F852-6470-4737-95A7-449C1EFDA551}.Debug|iPhone.ActiveCfg = Debug|iPhone
		{16E9F852-6470-4737-95A7-449C1EFDA551}.Debug|iPhone.Build.0 = Debug|iPhone
		{16E9F852-6470-4737-95A7-449C1EFDA551}.Debug|iPhoneSimulator.ActiveCfg = Debug|iPhoneSimulator
		{16E9F852-6470-4737-95A7-449C1EFDA551}.Debug|iPhoneSimulator.Build.0 = Debug|iPhoneSimulator
		{16E9F852-6470-4737-95A7-449C1EFDA551}.Debug|x64.ActiveCfg = Debug|iPhone
		{16E9F852-6470-4737-95A7-449C1EFDA551}.Debug|x86.ActiveCfg = Debug|iPhone
		{16E9F852-6470-4737-95A7-449C1EFDA551}.Release|Any CPU.ActiveCfg = Release|iPhone
		{16E9F852-6470-4737-95A7-449C1EFDA551}.Release|ARM.ActiveCfg = Release|iPhone
		{16E9F852-6470-4737-95A7-449C1EFDA551}.Release|iPhone.ActiveCfg = Release|iPhone
		{16E9F852-6470-4737-95A7-449C1EFDA551}.Release|iPhone.Build.0 = Release|iPhone
		{16E9F852-6470-4737-95A7-449C1EFDA551}.Release|iPhoneSimulator.ActiveCfg = Release|iPhoneSimulator
		{16E9F852-6470-4737-95A7-449C1EFDA551}.Release|iPhoneSimulator.Build.0 = Release|iPhoneSimulator
		{16E9F852-6470-4737-95A7-449C1EFDA551}.Release|x64.ActiveCfg = Release|iPhone
		{16E9F852-6470-4737-95A7-449C1EFDA551}.Release|x86.ActiveCfg = Release|iPhone
	EndGlobalSection
	GlobalSection(SolutionProperties) = preSolution
		HideSolutionNode = FALSE
	EndGlobalSection
	GlobalSection(NestedProjects) = preSolution
		{AB402651-F85C-41CD-A462-98BF069AA4DE} = {96F0CEAC-F0FB-4664-9055-67BEC0450759}
		{8AA654CD-BCD8-4C3B-B680-4DDC89B8A528} = {96F0CEAC-F0FB-4664-9055-67BEC0450759}
		{D1B719B3-5A78-4CC2-9DBD-3660108C42F2} = {96F0CEAC-F0FB-4664-9055-67BEC0450759}
		{16E9F852-6470-4737-95A7-449C1EFDA551} = {96F0CEAC-F0FB-4664-9055-67BEC0450759}
	EndGlobalSection
	GlobalSection(ExtensibilityGlobals) = postSolution
		SolutionGuid = {3FFF9275-9E53-42FB-B800-3799F609A08B}
	EndGlobalSection
EndGlobal
